github.com/nrynss/keel v0.5.0 h1:SiDO7vti1jhK7M8LJ1a69/E+nIGnC4F1LtoawqrCEUA=
github.com/nrynss/keel v0.5.0/go.mod h1:Njf5HUEeRbNdoyuj01huxcdzYk3o8Z2+ZKc5w+wX5rM=
golang.org/x/crypto v0.57.0 h1:3ZVCjf8Ggz7zneR/EHRVx68Ctf+2pmIMP2UFhh9cC6M=
golang.org/x/crypto v0.57.0/go.mod h1:Fdz0i5U6CoizGwLda9DttjSk6qlZo25zYNtR+ycvuZA=
